4d63.com/embedfiles v0.0.0-20190311033909-995e0740726f h1:oyYjGRBNq1TxAIG8aHqtxlvqUfzdZf+MbcRb/oweNfY=
4d63.com/embedfiles v0.0.0-20190311033909-995e0740726f/go.mod h1:HxEsUxoVZyRxsZML/S6e2xAuieFMlGO0756ncWx1aXE=
4d63.com/tz v1.2.0 h1:EpJt060xY+M+M0Wj8btz+THdOJbSxj4i8jhVQP3Wr0U=
4d63.com/tz v1.2.0/go.mod h1:SHGqVdL7hd2ZaX2T9uEiOZ/OFAUfCCLURdLPJsd8ZNs=
github.com/cloudflare/circl v1.6.1 h1:zqIqSPIndyBh1bjLVVDHMPpVKqp8Su/V+6MeDzzQBQ0=
github.com/cloudflare/circl v1.6.1/go.mod h1:uddAzsPgqdMAYatqJ0lsjX1oECcQLIlRpzZh3pJrofs=
github.com/cristalhq/base64 v0.1.2 h1:edsefYyYDiac7Ytdh2xdaiiSSJzcI2f0yIkdGEf1qY0=
github.com/cristalhq/base64 v0.1.2/go.mod h1:sy4+2Hale2KbtSqkzpdMeYTP/IrB+HCvxVHWsh2VSYk=
github.com/davecgh/go-spew v1.1.1 h1:vj9j/u1bqnvCEfJOwUhtlOARqs3+rkHYY13jYWTU97c=
github.com/davecgh/go-spew v1.1.1/go.mod h1:J7Y8YcW2NihsgmVo/mv3lAwl/skON4iLHjSsI+c5H38=
github.com/dgryski/dkeyczar v0.0.0-20200515202157-03721778d3d4 h1:AOfMj6KZYAMiwyZiXOLCJk2IzxZdDSdkPZDg7hTkHgA=
github.com/dgryski/dkeyczar v0.0.0-20200515202157-03721778d3d4/go.mod h1:iB8jGqKHE6br9hgIPxZY/+AhtI1LoIPQx8eBy0TzBZg=
github.com/glycerine/base58 v0.24.2 h1:y0BddQUzkngZgsO6MrlWB12dezWPHNJK/Qvv2mxd8xE=
github.com/glycerine/base58 v0.24.2/go.mod h1:NT5W5aZ4AENzJYQ6wp4OvKdOJ01f6BgK8KiG0Q8NTfg=
github.com/glycerine/blake2b v0.0.0-20151022103502-3c8c640cd7be h1:XBJdPGgA3qqhW+p9CANCAVdF7ZIXdu3pZAkypMkKAjE=
github.com/glycerine/blake2b v0.0.0-20151022103502-3c8c640cd7be/go.mod h1:OSCrScrFAjcBObrulk6BEQlytA462OkG1UGB5NYj9kE=
github.com/glycerine/blake3 v1.5.2 h1:lE+WPREJhqdWt5/va+byQccckYQwN41Uu/K+u3KRxdE=
github.com/glycerine/blake3 v1.5.2/go.mod h1:c/clAKPeDtoJM2aRKbbXWCOtgra+AlmsTD9z6EH7iYo=
github.com/glycerine/cryrand v0.9.0 h1:hRm0JAZu85wMK9nBYOIYOfVwSVC2wyi1iNBD/mopdeU=
github.com/glycerine/cryrand v0.9.0/go.mod h1:GkqmLhwl9yG9cM23Dgieg1XXUxEpANDLuJmmgtqwYY8=
github.com/glycerine/fwd v1.1.4-beta.jea h1:penEwsXMBPCMCH+iUj/HKRIuRzfESzLIk99OcttgqTU=
github.com/glycerine/fwd v1.1.4-beta.jea/go.mod h1:N5KPZnp8z9AaPcR/9r5u2BcdqnlfcTcEGbX1In/yyIE=
github.com/glycerine/go-tigertonic v0.0.0-20140829032010-9bbc60b9dfba h1:iIrkyIDmL3qZA0FfkHkbCtxCUplTDwEwDTAngKzw8ag=
github.com/glycerine/go-tigertonic v0.0.0-20140829032010-9bbc60b9dfba/go.mod h1:i6wXzvBDouVj4PPNfniwDGwtfmKuUXf5vz+3I9M0VXM=
github.com/glycerine/goconvey v0.0.0-20190410193231-58a59202ab31 h1:gclg6gY70GLy3PbkQ1AERPfmLMMagS60DKF78eWwLn8=
github.com/glycerine/goconvey v0.0.0-20190410193231-58a59202ab31/go.mod h1:Ogl1Tioa0aV7gstGFO7KhffUsb9M4ydbEbbxpcEDc24=
github.com/glycerine/greenpack v0.541.0 h1:27vVEEmJTCXfRz7EiHqkAY+uXM54rUKHEAXxqPLC+QE=
github.com/glycerine/greenpack v0.541.0/go.mod h1:DUVEsWj48QijXF52Jy83ibYhE1c4VIdWFH7fwAWuXbI=
github.com/glycerine/idem v0.20.7 h1:EGR8qzHW/qjXEvXEsuR6IXvT+QFTLpr836rekmhHPhM=
github.com/glycerine/idem v0.20.7/go.mod h1:gA9QRaEvbRow2nBLZRrTPV36h9VsZ31Kdz6e0iRVkSo=
github.com/glycerine/ipaddr v0.2.7 h1:WRbvTnHOzATK2w2F/NAwYnKulBBsvX7MSp37Mb8BjI0=
github.com/glycerine/ipaddr v0.2.7/go.mod h1:ook7eYvTG8CSOOEn9oLXaxQwzFo1zcqJbDZT2rxtKVc=
github.com/glycerine/liner v0.0.0-20160121172638-72909af234e0 h1:4ZegphJXBTc4uFQ08UVoWYmQXorGa+ipXetUj83sMBc=
github.com/glycerine/liner v0.0.0-20160121172638-72909af234e0/go.mod h1:AqJLs6UeoC65dnHxyCQ6MO31P5STpjcmgaANAU+No8Q=
github.com/glycerine/loquet v0.0.19 h1:R4bKlaiT37ezaoQ9gHEULGYA+xmHiNsjVjinvWMkgEc=
github.com/glycerine/loquet v0.0.19/go.mod h1:QSNF+sgXotyH0xItyfJ3xDKfnFl8kDbOL1YclmplBgg=
github.com/glycerine/one_tree_rwmut v1.0.0 h1:S9/US5QeXZVrXc/0tSUD58NAxKQY9CaezDcD7pwSVtI=
github.com/glycerine/one_tree_rwmut v1.0.0/go.mod h1:eKKXEG3WkBtQOka9ANdHuIlhqNCc45NcDjBFaG/FMmU=
github.com/glycerine/rate v0.0.1 h1:xnBz2OWWMyEMX6BTEGyo9yRtyq81cmqe2lPSmBWQSvY=
github.com/glycerine/rate v0.0.1/go.mod h1:1+RViZEgvc6fXhE2oSY/Hc3dkzJpR1+6jycN/PokUuA=
github.com/glycerine/rbtree v0.2.1 h1:9nD5PDojW8gu1slYBzzH7VND9gbSjB86tusW5YRKghc=
github.com/glycerine/rbtree v0.2.1/go.mod h1:skpUtSrm1HHyLo+HayukOvAmXtE/F6tsVW0uCpaBGWE=
github.com/glycerine/rpc25519 v1.43.7 h1:cvMAmhZPsvVonHGI5kFrDLIx6rXdA066i7K0iv3JEY4=
github.com/glycerine/rpc25519 v1.43.7/go.mod h1:aeItevPFn7Bj4aL3K/Q7kMv9wlTNuNAqHU7pxtFPFz0=
github.com/glycerine/zygomys/v9 v9.1.2 h1:Rnk+l5aV6JailGp5BzrgYJU7wC+XKU3/NDOTEJMo3K4=
github.com/glycerine/zygomys/v9 v9.1.2/go.mod h1:hckAUIPikusS9epDmMmEkfXeOK2qvWhmeVK6Su8y/1k=
github.com/gopherjs/gopherjs v1.17.2 h1:fQnZVsXk8uxXIStYb0N4bGk7jeyTalG/wsZjQ25dO0g=
github.com/gopherjs/gopherjs v1.17.2/go.mod h1:pRRIvn/QzFLrKfvEz3qUuEhtE/zLCWfreZ6J5gM2i+k=
github.com/jtolds/gls v4.20.0+incompatible h1:xdiiI2gbIgH/gLH7ADydsJ1uDOEzR8yvV7C0MuV77Wo=
github.com/jtolds/gls v4.20.0+incompatible/go.mod h1:QJZ7F/aHp+rZTRtaJ1ow/lLfFfVYBRgL+9YlvaHOwJU=
github.com/klauspost/compress v1.18.2 h1:iiPHWW0YrcFgpBYhsA6D1+fqHssJscY/Tm/y2Uqnapk=
github.com/klauspost/compress v1.18.2/go.mod h1:R0h/fSBs8DE4ENlcrlib3PsXS61voFxhIs2DeRhCvJ4=
github.com/klauspost/cpuid/v2 v2.0.9 h1:lgaqFMSdTdQYdZ04uHyN2d/eKdOMyi2YLSvlQIBFYa4=
github.com/klauspost/cpuid/v2 v2.0.9/go.mod h1:FInQzS24/EEf25PyTYn52gqo7WaD8xa0213Md/qVLRg=
github.com/philhofer/fwd v1.0.0 h1:UbZqGr5Y38ApvM/V/jEljVxwocdweyH+vmYvRPBnbqQ=
github.com/philhofer/fwd v1.0.0/go.mod h1:gk3iGcWd9+svBvR0sR+KPcfE+RNWozjowpeBVG3ZVNU=
github.com/pierrec/lz4/v4 v4.1.22 h1:cKFw6uJDK+/gfw5BcDL0JL5aBsAFdsIT18eRtLj7VIU=
github.com/pierrec/lz4/v4 v4.1.22/go.mod h1:gZWDp/Ze/IJXGXf23ltt2EXimqmTUXEy0GFuRQyBid4=
github.com/pkg/errors v0.9.1 h1:FEBLx1zS214owpjy7qsBeixbURkuhQAwrK5UwLGTwt4=
github.com/pkg/errors v0.9.1/go.mod h1:bwawxfHBFNV+L2hUp1rHADufV3IMtnDRdf1r5NINEl0=
github.com/pmezard/go-difflib v1.0.0 h1:4DBwDE0NGyQoBHbLQYPwSUPoCMWR5BEzIk/f1lZbAQM=
github.com/pmezard/go-difflib v1.0.0/go.mod h1:iKH77koFhYxTK1pcRnkKkqfTogsbg7gZNVY4sRDYZ/4=
github.com/quic-go/quic-go v0.59.0 h1:OLJkp1Mlm/aS7dpKgTc6cnpynnD2Xg7C1pwL6vy/SAw=
github.com/quic-go/quic-go v0.59.0/go.mod h1:upnsH4Ju1YkqpLXC305eW3yDZ4NfnNbmQRCMWS58IKU=
github.com/rcrowley/go-metrics v0.0.0-20201227073835-cf1acfcdf475 h1:N/ElC8H3+5XpJzTSTfLsJV/mx9Q9g7kxmchpfZyxgzM=
github.com/rcrowley/go-metrics v0.0.0-20201227073835-cf1acfcdf475/go.mod h1:bCqnVzQkZxMG4s8nGwiZ5l3QUCyqpo9Y+/ZMZ9VjZe4=
github.com/shurcooL/go v0.0.0-20200502201357-93f07166e636 h1:aSISeOcal5irEhJd1M+IrApc0PdcN7e7Aj4yuEnOrfQ=
github.com/shurcooL/go v0.0.0-20200502201357-93f07166e636/go.mod h1:TDJrrUr11Vxrven61rcy3hJMUqaf/CLWYhHNPmT14Lk=
github.com/shurcooL/go-goon v1.0.0 h1:BCQPvxGkHHJ4WpBO4m/9FXbITVIsvAm/T66cCcCGI7E=
github.com/shurcooL/go-goon v1.0.0/go.mod h1:2wTHMsGo7qnpmqA8ADYZtP4I1DD94JpXGQ3Dxq2YQ5w=
github.com/stretchr/testify v1.11.1 h1:7s2iGBzp5EwR7/aIZr8ao5+dra3wiQyKjjFuvgVKu7U=
github.com/stretchr/testify v1.11.1/go.mod h1:wZwfW3scLgRK+23gO65QZefKpKQRnfz6sD981Nm4B6U=
github.com/tinylib/msgp v1.1.2 h1:gWmO7n0Ys2RBEb7GPYB9Ujq8Mk5p2U08lRnmMcGy6BQ=
github.com/tinylib/msgp v1.1.2/go.mod h1:+d+yLhGm8mzTaHzB+wgMYrodPfmZrzkirds8fDWklFE=
github.com/ugorji/go/codec v1.2.12 h1:9LC83zGrHhuUA9l16C9AHXAqEV/2wBQ4nkvumAE65EE=
github.com/ugorji/go/codec v1.2.12/go.mod h1:UNopzCgEMSXjBc6AOMqYvWC1ktqTAfzJZUZgYf6w6lg=
go.uber.org/mock v0.5.2 h1:LbtPTcP8A5k9WPXj54PPPbjcI4Y6lhyOZXn+VS7wNko=
go.uber.org/mock v0.5.2/go.mod h1:wLlUxC2vVTPTaE3UD51E0BGOAElKrILxhVSDYQLld5o=
golang.org/x/crypto v0.47.0 h1:V6e3FRj+n4dbpw86FJ8Fv7XVOql7TEwpHapKoMJ/GO8=
golang.org/x/crypto v0.47.0/go.mod h1:ff3Y9VzzKbwSSEzWqJsJVBnWmRwRSHt/6Op5n9bQc4A=
golang.org/x/net v0.49.0 h1:eeHFmOGUTtaaPSGNmjBKpbng9MulQsJURQUAfUwY++o=
golang.org/x/net v0.49.0/go.mod h1:/ysNB2EvaqvesRkuLAyjI1ycPZlQHM3q01F02UY/MV8=
golang.org/x/sys v0.40.0 h1:DBZZqJ2Rkml6QMQsZywtnjnnGvHza6BTfYFWY9kjEWQ=
golang.org/x/sys v0.40.0/go.mod h1:OgkHotnGiDImocRcuBABYBEXf8A9a87e/uXjp9XT3ks=
golang.org/x/term v0.39.0 h1:RclSuaJf32jOqZz74CkPA9qFuVTX7vhLlpfj/IGWlqY=
golang.org/x/term v0.39.0/go.mod h1:yxzUCTP/U+FzoxfdKmLaA0RV1WgE0VY7hXBwKtY/4ww=
gopkg.in/yaml.v3 v3.0.1 h1:fxVm/GzAzEWqLHuvctI91KS9hhNmmWOoWu0XTYJS7CA=
gopkg.in/yaml.v3 v3.0.1/go.mod h1:K4uyk7z7BCEPqu6E+C64Yfv1cQ7kz7rIZviUmN+EgEM=
